
Microsoft Visual Studio Solution File, Format Version 12.00
# Visual Studio 15
VisualStudioVersion = 15.0.26430.14
MinimumVisualStudioVersion = 10.0.40219.1
Project("{9A19103F-16F7-4668-BE54-9A1E7A4F7556}") = "Globo.Teams", "Globo.Teams\Globo.Teams.csproj", "{ECCCF97D-FFAC-4EF6-B5AF-3F30C2AA74B8}"
EndProject
Project("{9A19103F-16F7-4668-BE54-9A1E7A4F7556}") = "Globo.Teams.UnitTest", "Globo.Teams.UnitTest\Globo.Teams.UnitTest.csproj", "{4958977D-1AB0-476E-BF67-0C21B3C766FF}"
EndProject
Project("{FAE04EC0-301F-11D3-BF4B-00C04F79EFBC}") = "Globo.Teams.DynamoDb", "Globo.Teams.DynamoDb\Globo.Teams.DynamoDb.csproj", "{5B5E2DCA-1B01-4354-BEB1-5A978A212DEC}"
EndProject
Project("{FAE04EC0-301F-11D3-BF4B-00C04F79EFBC}") = "Globo.Teams.IntegratedTest", "Globo.Teams.IntegratedTest\Globo.Teams.IntegratedTest.csproj", "{06A3783B-590C-45B9-852E-0DC170AE92CE}"
EndProject
Global
	GlobalSection(SolutionConfigurationPlatforms) = preSolution
		Debug|Any CPU = Debug|Any CPU
		Release|Any CPU = Release|Any CPU
	EndGlobalSection
	GlobalSection(ProjectConfigurationPlatforms) = postSolution
		{ECCCF97D-FFAC-4EF6-B5AF-3F30C2AA74B8}.Debug|Any CPU.ActiveCfg = Debug|Any CPU
		{ECCCF97D-FFAC-4EF6-B5AF-3F30C2AA74B8}.Debug|Any CPU.Build.0 = Debug|Any CPU
		{ECCCF97D-FFAC-4EF6-B5AF-3F30C2AA74B8}.Release|Any CPU.ActiveCfg = Release|Any CPU
		{ECCCF97D-FFAC-4EF6-B5AF-3F30C2AA74B8}.Release|Any CPU.Build.0 = Release|Any CPU
		{4958977D-1AB0-476E-BF67-0C21B3C766FF}.Debug|Any CPU.ActiveCfg = Debug|Any CPU
		{4958977D-1AB0-476E-BF67-0C21B3C766FF}.Debug|Any CPU.Build.0 = Debug|Any CPU
		{4958977D-1AB0-476E-BF67-0C21B3C766FF}.Release|Any CPU.ActiveCfg = Release|Any CPU
		{4958977D-1AB0-476E-BF67-0C21B3C766FF}.Release|Any CPU.Build.0 = Release|Any CPU
		{5B5E2DCA-1B01-4354-BEB1-5A978A212DEC}.Debug|Any CPU.ActiveCfg = Debug|Any CPU
		{5B5E2DCA-1B01-4354-BEB1-5A978A212DEC}.Debug|Any CPU.Build.0 = Debug|Any CPU
		{5B5E2DCA-1B01-4354-BEB1-5A978A212DEC}.Release|Any CPU.ActiveCfg = Release|Any CPU
		{5B5E2DCA-1B01-4354-BEB1-5A978A212DEC}.Release|Any CPU.Build.0 = Release|Any CPU
		{06A3783B-590C-45B9-852E-0DC170AE92CE}.Debug|Any CPU.ActiveCfg = Debug|Any CPU
		{06A3783B-590C-45B9-852E-0DC170AE92CE}.Debug|Any CPU.Build.0 = Debug|Any CPU
		{06A3783B-590C-45B9-852E-0DC170AE92CE}.Release|Any CPU.ActiveCfg = Release|Any CPU
		{06A3783B-590C-45B9-852E-0DC170AE92CE}.Release|Any CPU.Build.0 = Release|Any CPU
	EndGlobalSection
	GlobalSection(SolutionProperties) = preSolution
		HideSolutionNode = FALSE
	EndGlobalSection
EndGlobal
